<?xml version="1.0" encoding="utf-8"?>
<Project ToolsVersion="4.0" xmlns="http://schemas.microsoft.com/developer/msbuild/2003">
  <ItemGroup>
    <Filter Include="Source Files">
      <UniqueIdentifier>{4FC737F1-C7A5-4376-A066-2A32D752A2FF}</UniqueIdentifier>
      <Extensions>cpp;c;cc;cxx;c++;cppm;ixx;def;odl;idl;hpj;bat;asm;asmx</Extensions>
    </Filter>
    <Filter Include="Header Files">
      <UniqueIdentifier>{93995380-89BD-4b04-88EB-625FBE52EBFB}</UniqueIdentifier>
      <Extensions>h;hh;hpp;hxx;h++;hm;inl;inc;ipp;xsd</Extensions>
    </Filter>
    <Filter Include="Resource Files">
      <UniqueIdentifier>{67DA6AB6-F800-4c08-8B7A-83BB121AAD01}</UniqueIdentifier>
      <Extensions>rc;ico;cur;bmp;dlg;rc2;rct;bin;rgs;gif;jpg;jpeg;jpe;resx;tiff;tif;png;wav;mfcribbon-ms</Extensions>
    </Filter>
    <Filter Include="Source Files\utilities">
      <UniqueIdentifier>{0ce16b84-cbd3-4efb-8de3-a61a91f201de}</UniqueIdentifier>
    </Filter>
    <Filter Include="Source Files\libraries">
      <UniqueIdentifier>{73bb6f91-0f9e-4555-b898-55e645e412cb}</UniqueIdentifier>
    </Filter>
    <Filter Include="Header Files\ecs">
      <UniqueIdentifier>{4c9d8187-73dd-44ca-ab36-9e4cc2de8afc}</UniqueIdentifier>
    </Filter>
    <Filter Include="Source Files\ecs">
      <UniqueIdentifier>{9e3dc080-f924-47d8-bd90-19d199bff037}</UniqueIdentifier>
    </Filter>
    <Filter Include="Header Files\3d">
      <UniqueIdentifier>{8ef06d93-78b4-401e-9a85-c41ececd312c}</UniqueIdentifier>
    </Filter>
    <Filter Include="Source Files\3d">
      <UniqueIdentifier>{9b643005-dcfb-4a74-89db-becaa2408713}</UniqueIdentifier>
    </Filter>
    <Filter Include="Header Files\managers">
      <UniqueIdentifier>{985a1b2b-51a6-4c54-8459-b1dad9d83650}</UniqueIdentifier>
    </Filter>
    <Filter Include="Header Files\storage">
      <UniqueIdentifier>{561be373-5d54-4a0b-bd47-11992be665e4}</UniqueIdentifier>
    </Filter>
    <Filter Include="Source Files\storage">
      <UniqueIdentifier>{186238d5-e0a0-4416-aac8-405c8d921042}</UniqueIdentifier>
    </Filter>
    <Filter Include="Source Files\managers">
      <UniqueIdentifier>{cb03ee9a-6fe8-4a05-8ebb-7ac915491efc}</UniqueIdentifier>
    </Filter>
    <Filter Include="Header Files\pipeline">
      <UniqueIdentifier>{4c535ba8-24e8-4a40-bb35-e8eaa817bd98}</UniqueIdentifier>
    </Filter>
    <Filter Include="Source Files\pipeline">
      <UniqueIdentifier>{c2c6a89c-caed-4b83-8c12-1ea38263c87a}</UniqueIdentifier>
    </Filter>
    <Filter Include="Source Files\vulkan">
      <UniqueIdentifier>{e1c6febf-2b0b-48a7-8b5d-93cd40c809a6}</UniqueIdentifier>
    </Filter>
    <Filter Include="Header Files\vulkan">
      <UniqueIdentifier>{1e6361fc-4a5d-4b38-af51-840ca4756a20}</UniqueIdentifier>
    </Filter>
    <Filter Include="Header Files\glfw">
      <UniqueIdentifier>{9fd8873a-36dd-488d-8866-c0f32834555f}</UniqueIdentifier>
    </Filter>
    <Filter Include="Source Files\glfw">
      <UniqueIdentifier>{9467d64e-a66b-4050-9b33-9ef9fcb39ddc}</UniqueIdentifier>
    </Filter>
  </ItemGroup>
  <ItemGroup>
    <ClCompile Include="main.cpp">
      <Filter>Source Files</Filter>
    </ClCompile>
    <ClCompile Include="window.cpp">
      <Filter>Source Files\glfw</Filter>
    </ClCompile>
    <ClCompile Include="ioutils.cpp">
      <Filter>Source Files\utilities</Filter>
    </ClCompile>
    <ClCompile Include="libraries\flecs\flecs.c">
      <Filter>Source Files\libraries</Filter>
    </ClCompile>
    <ClCompile Include="test.cpp">
      <Filter>Source Files\ecs</Filter>
    </ClCompile>
    <ClCompile Include="GLTFLoader.cpp">
      <Filter>Source Files\3d</Filter>
    </ClCompile>
    <ClCompile Include="Loader3D.cpp">
      <Filter>Source Files\3d</Filter>
    </ClCompile>
    <ClCompile Include="Scene.cpp">
      <Filter>Source Files\storage</Filter>
    </ClCompile>
    <ClCompile Include="ScenesManager.cpp">
      <Filter>Source Files\managers</Filter>
    </ClCompile>
    <ClCompile Include="PipelineBuilder.cpp">
      <Filter>Source Files\pipeline</Filter>
    </ClCompile>
    <ClCompile Include="ObjLoader.cpp">
      <Filter>Source Files\3d</Filter>
    </ClCompile>
    <ClCompile Include="command_pool.cpp">
      <Filter>Source Files\vulkan</Filter>
    </ClCompile>
    <ClCompile Include="debug_messenger.cpp">
      <Filter>Source Files\vulkan</Filter>
    </ClCompile>
    <ClCompile Include="extensions.cpp">
      <Filter>Source Files\vulkan</Filter>
    </ClCompile>
    <ClCompile Include="framebuffers.cpp">
      <Filter>Source Files\vulkan</Filter>
    </ClCompile>
    <ClCompile Include="graphics_pipeline.cpp">
      <Filter>Source Files\vulkan</Filter>
    </ClCompile>
    <ClCompile Include="graphics_pipeline_layout.cpp">
      <Filter>Source Files\vulkan</Filter>
    </ClCompile>
    <ClCompile Include="graphics_pipeline_states.cpp">
      <Filter>Source Files\vulkan</Filter>
    </ClCompile>
    <ClCompile Include="image_views.cpp">
      <Filter>Source Files\vulkan</Filter>
    </ClCompile>
    <ClCompile Include="instance.cpp">
      <Filter>Source Files\vulkan</Filter>
    </ClCompile>
    <ClCompile Include="logical_device.cpp">
      <Filter>Source Files\vulkan</Filter>
    </ClCompile>
    <ClCompile Include="physical_device.cpp">
      <Filter>Source Files\vulkan</Filter>
    </ClCompile>
    <ClCompile Include="queue_families.cpp">
      <Filter>Source Files\vulkan</Filter>
    </ClCompile>
    <ClCompile Include="render_passes.cpp">
      <Filter>Source Files\vulkan</Filter>
    </ClCompile>
    <ClCompile Include="shader_module.cpp">
      <Filter>Source Files\vulkan</Filter>
    </ClCompile>
    <ClCompile Include="surface.cpp">
      <Filter>Source Files\vulkan</Filter>
    </ClCompile>
    <ClCompile Include="swap_chain_support.cpp">
      <Filter>Source Files\vulkan</Filter>
    </ClCompile>
    <ClCompile Include="swap_chains.cpp">
      <Filter>Source Files\vulkan</Filter>
    </ClCompile>
    <ClCompile Include="validation_layers.cpp">
      <Filter>Source Files\vulkan</Filter>
    </ClCompile>
    <ClCompile Include="viewport.cpp">
      <Filter>Source Files\vulkan</Filter>
    </ClCompile>
    <ClCompile Include="descriptor_set_layout.cpp">
      <Filter>Source Files\vulkan</Filter>
    </ClCompile>
    <ClCompile Include="std_pipeline.cpp">
      <Filter>Source Files\pipeline</Filter>
    </ClCompile>
  </ItemGroup>
  <ItemGroup>
    <ClInclude Include="ioutils.h">
      <Filter>Source Files\utilities</Filter>
    </ClInclude>
    <ClInclude Include="test.h">
      <Filter>Header Files\ecs</Filter>
    </ClInclude>
    <ClInclude Include="vulkan.h">
      <Filter>Header Files</Filter>
    </ClInclude>
    <ClInclude Include="GLTFLoader.h">
      <Filter>Header Files\3d</Filter>
    </ClInclude>
    <ClInclude Include="Loader3D.h">
      <Filter>Header Files\3d</Filter>
    </ClInclude>
    <ClInclude Include="ObjLoader.h">
      <Filter>Header Files\3d</Filter>
    </ClInclude>
    <ClInclude Include="ThreeDimensionalDataTypes.h">
      <Filter>Header Files\3d</Filter>
    </ClInclude>
    <ClInclude Include="Scene.h">
      <Filter>Header Files\storage</Filter>
    </ClInclude>
    <ClInclude Include="assets.h">
      <Filter>Header Files\storage</Filter>
    </ClInclude>
    <ClInclude Include="ScenesManager.h">
      <Filter>Header Files\managers</Filter>
    </ClInclude>
    <ClInclude Include="PipelineBuilder.h">
      <Filter>Header Files\pipeline</Filter>
    </ClInclude>
    <ClInclude Include="window.h">
      <Filter>Header Files\glfw</Filter>
    </ClInclude>
    <ClInclude Include="validation_layers.h">
      <Filter>Header Files\vulkan</Filter>
    </ClInclude>
    <ClInclude Include="swap_chains.h">
      <Filter>Header Files\vulkan</Filter>
    </ClInclude>
    <ClInclude Include="swap_chain_support.h">
      <Filter>Header Files\vulkan</Filter>
    </ClInclude>
    <ClInclude Include="surface.h">
      <Filter>Header Files\vulkan</Filter>
    </ClInclude>
    <ClInclude Include="render_passes.h">
      <Filter>Header Files\vulkan</Filter>
    </ClInclude>
    <ClInclude Include="queue_families.h">
      <Filter>Header Files\vulkan</Filter>
    </ClInclude>
    <ClInclude Include="instance.h">
      <Filter>Header Files\vulkan</Filter>
    </ClInclude>
    <ClInclude Include="image_views.h">
      <Filter>Header Files\vulkan</Filter>
    </ClInclude>
    <ClInclude Include="viewport.h">
      <Filter>Header Files\vulkan</Filter>
    </ClInclude>
    <ClInclude Include="shader_module.h">
      <Filter>Header Files\vulkan</Filter>
    </ClInclude>
    <ClInclude Include="graphics_pipeline_states.h">
      <Filter>Header Files\vulkan</Filter>
    </ClInclude>
    <ClInclude Include="graphics_pipeline_layout.h">
      <Filter>Header Files\vulkan</Filter>
    </ClInclude>
    <ClInclude Include="graphics_pipeline.h">
      <Filter>Header Files\vulkan</Filter>
    </ClInclude>
    <ClInclude Include="framebuffers.h">
      <Filter>Header Files\vulkan</Filter>
    </ClInclude>
    <ClInclude Include="extensions.h">
      <Filter>Header Files\vulkan</Filter>
    </ClInclude>
    <ClInclude Include="physical_device.h">
      <Filter>Header Files\vulkan</Filter>
    </ClInclude>
    <ClInclude Include="logical_device.h">
      <Filter>Header Files\vulkan</Filter>
    </ClInclude>
    <ClInclude Include="debug_messenger.h">
      <Filter>Header Files\vulkan</Filter>
    </ClInclude>
    <ClInclude Include="command_pool.h">
      <Filter>Header Files\vulkan</Filter>
    </ClInclude>
    <ClInclude Include="command_buffers.h">
      <Filter>Header Files\vulkan</Filter>
    </ClInclude>
    <ClInclude Include="defines.h">
      <Filter>Header Files</Filter>
    </ClInclude>
    <ClInclude Include="descriptor_set_layout.h">
      <Filter>Header Files\vulkan</Filter>
    </ClInclude>
    <ClInclude Include="std_pipeline.h">
      <Filter>Header Files\pipeline</Filter>
    </ClInclude>
  </ItemGroup>
</Project>